// !$*UTF8*$!
{
	archiveVersion = 1;
	classes = {
	};
	objectVersion = 46;
	objects = {

/* Begin PBXBuildFile section */
		C0B5DF731C7CF952004ACA4C /* a.cpp in Sources */ = {isa = PBXBuildFile; fileRef = C0B5DF721C7CF952004ACA4C /* a.cpp */; };
		C0CEE0BB1C5D707B0041DF17 /* graph.cpp in Sources */ = {isa = PBXBuildFile; fileRef = C0CEE0BA1C5D707B0041DF17 /* graph.cpp */; };
/* End PBXBuildFile section */

/* Begin PBXCopyFilesBuildPhase section */
		C0CEE0B51C5D707B0041DF17 /* CopyFiles */ = {
			isa = PBXCopyFilesBuildPhase;
			buildActionMask = 2147483647;
			dstPath = /usr/share/man/man1/;
			dstSubfolderSpec = 0;
			files = (
			);
			runOnlyForDeploymentPostprocessing = 1;
		};
/* End PBXCopyFilesBuildPhase section */

/* Begin PBXFileReference section */
		C0B5DF721C7CF952004ACA4C /* a.cpp */ = {isa = PBXFileReference; fileEncoding = 4; lastKnownFileType = sourcecode.cpp.cpp; path = a.cpp; sourceTree = "<group>"; };
		C0CEE0B71C5D707B0041DF17 /* SP2 */ = {isa = PBXFileReference; explicitFileType = "compiled.mach-o.executable"; includeInIndex = 0; path = SP2; sourceTree = BUILT_PRODUCTS_DIR; };
		C0CEE0BA1C5D707B0041DF17 /* graph.cpp */ = {isa = PBXFileReference; lastKnownFileType = sourcecode.cpp.cpp; name = graph.cpp; path = SP2/graph.cpp; sourceTree = SOURCE_ROOT; };
/* End PBXFileReference section */

/* Begin PBXFrameworksBuildPhase section */
		C0CEE0B41C5D707B0041DF17 /* Frameworks */ = {
			isa = PBXFrameworksBuildPhase;
			buildActionMask = 2147483647;
			files = (
			);
			runOnlyForDeploymentPostprocessing = 0;
		};
/* End PBXFrameworksBuildPhase section */

/* Begin PBXGroup section */
		C0CEE0AE1C5D707B0041DF17 = {
			isa = PBXGroup;
			children = (
				C0CEE0B91C5D707B0041DF17 /* SP2 */,
				C0CEE0B81C5D707B0041DF17 /* Products */,
			);
			sourceTree = "<group>";
		};
		C0CEE0B81C5D707B0041DF17 /* Products */ = {
			isa = PBXGroup;
			children = (
				C0CEE0B71C5D707B0041DF17 /* SP2 */,
			);
			name = Products;
			sourceTree = "<group>";
		};
		C0CEE0B91C5D707B0041DF17 /* SP2 */ = {
			isa = PBXGroup;
			children = (
				C0CEE0BA1C5D707B0041DF17 /* graph.cpp */,
				C0B5DF721C7CF952004ACA4C /* a.cpp */,
			);
			path = SP2;
			sourceTree = "<group>";
		};
/* End PBXGroup section */

/* Begin PBXNativeTarget section */
		C0CEE0B61C5D707B0041DF17 /* SP2 */ = {
			isa = PBXNativeTarget;
			buildConfigurationList = C0CEE0BE1C5D707B0041DF17 /* Build configuration list for PBXNativeTarget "SP2" */;
			buildPhases = (
				C0CEE0B31C5D707B0041DF17 /* Sources */,
				C0CEE0B41C5D707B0041DF17 /* Frameworks */,
				C0CEE0B51C5D707B0041DF17 /* CopyFiles */,
			);
			buildRules = (
			);
			dependencies = (
			);
			name = SP2;
			productName = SP2;
			productReference = C0CEE0B71C5D707B0041DF17 /* SP2 */;
			productType = "com.apple.product-type.tool";
		};
/* End PBXNativeTarget section */

/* Begin PBXProject section */
		C0CEE0AF1C5D707B0041DF17 /* Project object */ = {
			isa = PBXProject;
			attributes = {
				LastUpgradeCheck = 0710;
				ORGANIZATIONNAME = "TsengKai Han";
				TargetAttributes = {
					C0CEE0B61C5D707B0041DF17 = {
						CreatedOnToolsVersion = 7.1;
					};
				};
			};
			buildConfigurationList = C0CEE0B21C5D707B0041DF17 /* Build configuration list for PBXProject "SP2" */;
			compatibilityVersion = "Xcode 3.2";
			developmentRegion = English;
			hasScannedForEncodings = 0;
			knownRegions = (
				en,
			);
			mainGroup = C0CEE0AE1C5D707B0041DF17;
			productRefGroup = C0CEE0B81C5D707B0041DF17 /* Products */;
			projectDirPath = "";
			projectRoot = "";
			targets = (
				C0CEE0B61C5D707B0041DF17 /* SP2 */,
			);
		};
/* End PBXProject section */

/* Begin PBXSourcesBuildPhase section */
		C0CEE0B31C5D707B0041DF17 /* Sources */ = {
			isa = PBXSourcesBuildPhase;
			buildActionMask = 2147483647;
			files = (
				C0CEE0BB1C5D707B0041DF17 /* graph.cpp in Sources */,
				C0B5DF731C7CF952004ACA4C /* a.cpp in Sources */,
			);
			runOnlyForDeploymentPostprocessing = 0;
		};
/* End PBXSourcesBuildPhase section */

/* Begin XCBuildConfiguration section */
		C0CEE0BC1C5D707B0041DF17 /* Debug */ = {
			isa = XCBuildConfiguration;
			buildSettings = {
				ALWAYS_SEARCH_USER_PATHS = NO;
				CLANG_CXX_LANGUAGE_STANDARD = "gnu++0x";
				CLANG_CXX_LIBRARY = "libc++";
				CLANG_ENABLE_MODULES = YES;
				CLANG_ENABLE_OBJC_ARC = YES;
				CLANG_WARN_BOOL_CONVERSION = YES;
				CLANG_WARN_CONSTANT_CONVERSION = YES;
				CLANG_WARN_DIRECT_OBJC_ISA_USAGE = YES_ERROR;
				CLANG_WARN_EMPTY_BODY = YES;
				CLANG_WARN_ENUM_CONVERSION = YES;
				CLANG_WARN_INT_CONVERSION = YES;
				CLANG_WARN_OBJC_ROOT_CLASS = YES_ERROR;
				CLANG_WARN_UNREACHABLE_CODE = YES;
				CLANG_WARN__DUPLICATE_METHOD_MATCH = YES;
				CODE_SIGN_IDENTITY = "-";
				COPY_PHASE_STRIP = NO;
				DEBUG_INFORMATION_FORMAT = dwarf;
				ENABLE_STRICT_OBJC_MSGSEND = YES;
				ENABLE_TESTABILITY = YES;
				GCC_C_LANGUAGE_STANDARD = gnu99;
				GCC_DYNAMIC_NO_PIC = NO;
				GCC_NO_COMMON_BLOCKS = YES;
				GCC_OPTIMIZATION_LEVEL = 0;
				GCC_PREPROCESSOR_DEFINITIONS = (
					"DEBUG=1",
					"$(inherited)",
				);
				GCC_WARN_64_TO_32_BIT_CONVERSION = YES;
				GCC_WARN_ABOUT_RETURN_TYPE = YES_ERROR;
				GCC_WARN_UNDECLARED_SELECTOR = YES;
				GCC_WARN_UNINITIALIZED_AUTOS = YES_AGGRESSIVE;
				GCC_WARN_UNUSED_FUNCTION = YES;
				GCC_WARN_UNUSED_VARIABLE = YES;
				MACOSX_DEPLOYMENT_TARGET = 10.11;
				MTL_ENABLE_DEBUG_INFO = YES;
				ONLY_ACTIVE_ARCH = YES;
				SDKROOT = macosx;
			};
			name = Debug;
		};
		C0CEE0BD1C5D707B0041DF17 /* Release */ = {
			isa = XCBuildConfiguration;
			buildSettings = {
				ALWAYS_SEARCH_USER_PATHS = NO;
				CLANG_CXX_LANGUAGE_STANDARD = "gnu++0x";
				CLANG_CXX_LIBRARY = "libc++";
				CLANG_ENABLE_MODULES = YES;
				CLANG_ENABLE_OBJC_ARC = YES;
				CLANG_WARN_BOOL_CONVERSION = YES;
				CLANG_WARN_CONSTANT_CONVERSION = YES;
				CLANG_WARN_DIRECT_OBJC_ISA_USAGE = YES_ERROR;
				CLANG_WARN_EMPTY_BODY = YES;
				CLANG_WARN_ENUM_CONVERSION = YES;
				CLANG_WARN_INT_CONVERSION = YES;
				CLANG_WARN_OBJC_ROOT_CLASS = YES_ERROR;
				CLANG_WARN_UNREACHABLE_CODE = YES;
				CLANG_WARN__DUPLICATE_METHOD_MATCH = YES;
				CODE_SIGN_IDENTITY = "-";
				COPY_PHASE_STRIP = NO;
				DEBUG_INFORMATION_FORMAT = "dwarf-with-dsym";
				ENABLE_NS_ASSERTIONS = NO;
				ENABLE_STRICT_OBJC_MSGSEND = YES;
				GCC_C_LANGUAGE_STANDARD = gnu99;
				GCC_NO_COMMON_BLOCKS = YES;
				GCC_WARN_64_TO_32_BIT_CONVERSION = YES;
				GCC_WARN_ABOUT_RETURN_TYPE = YES_ERROR;
				GCC_WARN_UNDECLARED_SELECTOR = YES;
				GCC_WARN_UNINITIALIZED_AUTOS = YES_AGGRESSIVE;
				GCC_WARN_UNUSED_FUNCTION = YES;
				GCC_WARN_UNUSED_VARIABLE = YES;
				MACOSX_DEPLOYMENT_TARGET = 10.11;
				MTL_ENABLE_DEBUG_INFO = NO;
				SDKROOT = macosx;
			};
			name = Release;
		};
		C0CEE0BF1C5D707B0041DF17 /* Debug */ = {
			isa = XCBuildConfiguration;
			buildSettings = {
				PRODUCT_NAME = "$(TARGET_NAME)";
			};
			name = Debug;
		};
		C0CEE0C01C5D707B0041DF17 /* Release */ = {
			isa = XCBuildConfiguration;
			buildSettings = {
				PRODUCT_NAME = "$(TARGET_NAME)";
			};
			name = Release;
		};
/* End XCBuildConfiguration section */

/* Begin XCConfigurationList section */
		C0CEE0B21C5D707B0041DF17 /* Build configuration list for PBXProject "SP2" */ = {
			isa = XCConfigurationList;
			buildConfigurations = (
				C0CEE0BC1C5D707B0041DF17 /* Debug */,
				C0CEE0BD1C5D707B0041DF17 /* Release */,
			);
			defaultConfigurationIsVisible = 0;
			defaultConfigurationName = Release;
		};
		C0CEE0BE1C5D707B0041DF17 /* Build configuration list for PBXNativeTarget "SP2" */ = {
			isa = XCConfigurationList;
			buildConfigurations = (
				C0CEE0BF1C5D707B0041DF17 /* Debug */,
				C0CEE0C01C5D707B0041DF17 /* Release */,
			);
			defaultConfigurationIsVisible = 0;
			defaultConfigurationName = Release;
		};
/* End XCConfigurationList section */
	};
	rootObject = C0CEE0AF1C5D707B0041DF17 /* Project object */;
}
